Microsoft Visual Studio Solution File, Format Version 12.00
# Visual Studio Version 17
VisualStudioVersion = 17.0.31903.59
MinimumVisualStudioVersion = 10.0.40219.1
Project("{FAE04EC0-301F-11D3-BF4B-00C04F79EFBC}") = "K12.AppHost", "src\K12.AppHost\K12.AppHost.csproj", "{A1111111-1111-1111-1111-111111111111}"
EndProject
Project("{FAE04EC0-301F-11D3-BF4B-00C04F79EFBC}") = "K12.ServiceDefaults", "src\K12.ServiceDefaults\K12.ServiceDefaults.csproj", "{A2222222-2222-2222-2222-222222222222}"
EndProject
Project("{FAE04EC0-301F-11D3-BF4B-00C04F79EFBC}") = "K12.Api.Enrollment", "src\Api\K12.Api.Enrollment\K12.Api.Enrollment.csproj", "{B1111111-1111-1111-1111-111111111111}"
EndProject
Project("{FAE04EC0-301F-11D3-BF4B-00C04F79EFBC}") = "K12.Api.Programs", "src\Api\K12.Api.Programs\K12.Api.Programs.csproj", "{B2222222-2222-2222-2222-222222222222}"
EndProject
Project("{FAE04EC0-301F-11D3-BF4B-00C04F79EFBC}") = "K12.Api.Admin", "src\Api\K12.Api.Admin\K12.Api.Admin.csproj", "{B3333333-3333-3333-3333-333333333333}"
EndProject
Project("{FAE04EC0-301F-11D3-BF4B-00C04F79EFBC}") = "K12.Contracts", "src\Shared\K12.Contracts\K12.Contracts.csproj", "{C1111111-1111-1111-1111-111111111111}"
EndProject
Project("{FAE04EC0-301F-11D3-BF4B-00C04F79EFBC}") = "K12.BuildingBlocks", "src\Shared\K12.BuildingBlocks\K12.BuildingBlocks.csproj", "{C2222222-2222-2222-2222-222222222222}"
EndProject
Project("{FAE04EC0-301F-11D3-BF4B-00C04F79EFBC}") = "K12.Infrastructure", "src\Infrastructure\K12.Infrastructure\K12.Infrastructure.csproj", "{D1111111-1111-1111-1111-111111111111}"
EndProject
Project("{FAE04EC0-301F-11D3-BF4B-00C04F79EFBC}") = "K12.Infrastructure.Azure", "src\Infrastructure\K12.Infrastructure.Azure\K12.Infrastructure.Azure.csproj", "{D2222222-2222-2222-2222-222222222222}"
EndProject
Project("{FAE04EC0-301F-11D3-BF4B-00C04F79EFBC}") = "K12.Api.Enrollment.Tests", "tests\K12.Api.Enrollment.Tests\K12.Api.Enrollment.Tests.csproj", "{E1111111-1111-1111-1111-111111111111}"
EndProject
Project("{FAE04EC0-301F-11D3-BF4B-00C04F79EFBC}") = "K12.Api.Programs.Tests", "tests\K12.Api.Programs.Tests\K12.Api.Programs.Tests.csproj", "{E2222222-2222-2222-2222-222222222222}"
EndProject
Project("{FAE04EC0-301F-11D3-BF4B-00C04F79EFBC}") = "K12.IntegrationTests", "tests\K12.IntegrationTests\K12.IntegrationTests.csproj", "{E3333333-3333-3333-3333-333333333333}"
EndProject
Project("{2150E333-8FDC-42A3-9474-1A3956D46DE8}") = "Solution Items", "Solution Items", "{02EA681E-C7D8-13C7-8484-4AC65E1B71E8}"
	ProjectSection(SolutionItems) = preProject
		.dockerignore = .dockerignore
		.gitignore = .gitignore
		Directory.Build.props = Directory.Build.props
		Directory.Packages.props = Directory.Packages.props
		docker-compose.yml = docker-compose.yml
		global.json = global.json
		Makefile = Makefile
		nuget.config = nuget.config
		README.md = README.md
	EndProjectSection
EndProject
Global
	GlobalSection(SolutionConfigurationPlatforms) = preSolution
		Debug|Any CPU = Debug|Any CPU
		Release|Any CPU = Release|Any CPU
	EndGlobalSection
	GlobalSection(ProjectConfigurationPlatforms) = postSolution
		{A1111111-1111-1111-1111-111111111111}.Debug|Any CPU.ActiveCfg = Debug|Any CPU
		{A1111111-1111-1111-1111-111111111111}.Debug|Any CPU.Build.0 = Debug|Any CPU
		{A1111111-1111-1111-1111-111111111111}.Release|Any CPU.ActiveCfg = Release|Any CPU
		{A1111111-1111-1111-1111-111111111111}.Release|Any CPU.Build.0 = Release|Any CPU
		{A2222222-2222-2222-2222-222222222222}.Debug|Any CPU.ActiveCfg = Debug|Any CPU
		{A2222222-2222-2222-2222-222222222222}.Debug|Any CPU.Build.0 = Debug|Any CPU
		{A2222222-2222-2222-2222-222222222222}.Release|Any CPU.ActiveCfg = Release|Any CPU
		{A2222222-2222-2222-2222-222222222222}.Release|Any CPU.Build.0 = Release|Any CPU
		{B1111111-1111-1111-1111-111111111111}.Debug|Any CPU.ActiveCfg = Debug|Any CPU
		{B1111111-1111-1111-1111-111111111111}.Debug|Any CPU.Build.0 = Debug|Any CPU
		{B1111111-1111-1111-1111-111111111111}.Release|Any CPU.ActiveCfg = Release|Any CPU
		{B1111111-1111-1111-1111-111111111111}.Release|Any CPU.Build.0 = Release|Any CPU
		{B2222222-2222-2222-2222-222222222222}.Debug|Any CPU.ActiveCfg = Debug|Any CPU
		{B2222222-2222-2222-2222-222222222222}.Debug|Any CPU.Build.0 = Debug|Any CPU
		{B2222222-2222-2222-2222-222222222222}.Release|Any CPU.ActiveCfg = Release|Any CPU
		{B2222222-2222-2222-2222-222222222222}.Release|Any CPU.Build.0 = Release|Any CPU
		{B3333333-3333-3333-3333-333333333333}.Debug|Any CPU.ActiveCfg = Debug|Any CPU
		{B3333333-3333-3333-3333-333333333333}.Debug|Any CPU.Build.0 = Debug|Any CPU
		{B3333333-3333-3333-3333-333333333333}.Release|Any CPU.ActiveCfg = Release|Any CPU
		{B3333333-3333-3333-3333-333333333333}.Release|Any CPU.Build.0 = Release|Any CPU
		{C1111111-1111-1111-1111-111111111111}.Debug|Any CPU.ActiveCfg = Debug|Any CPU
		{C1111111-1111-1111-1111-111111111111}.Debug|Any CPU.Build.0 = Debug|Any CPU
		{C1111111-1111-1111-1111-111111111111}.Release|Any CPU.ActiveCfg = Release|Any CPU
		{C1111111-1111-1111-1111-111111111111}.Release|Any CPU.Build.0 = Release|Any CPU
		{C2222222-2222-2222-2222-222222222222}.Debug|Any CPU.ActiveCfg = Debug|Any CPU
		{C2222222-2222-2222-2222-222222222222}.Debug|Any CPU.Build.0 = Debug|Any CPU
		{C2222222-2222-2222-2222-222222222222}.Release|Any CPU.ActiveCfg = Release|Any CPU
		{C2222222-2222-2222-2222-222222222222}.Release|Any CPU.Build.0 = Release|Any CPU
		{D1111111-1111-1111-1111-111111111111}.Debug|Any CPU.ActiveCfg = Debug|Any CPU
		{D1111111-1111-1111-1111-111111111111}.Debug|Any CPU.Build.0 = Debug|Any CPU
		{D1111111-1111-1111-1111-111111111111}.Release|Any CPU.ActiveCfg = Release|Any CPU
		{D1111111-1111-1111-1111-111111111111}.Release|Any CPU.Build.0 = Release|Any CPU
		{D2222222-2222-2222-2222-222222222222}.Debug|Any CPU.ActiveCfg = Debug|Any CPU
		{D2222222-2222-2222-2222-222222222222}.Debug|Any CPU.Build.0 = Debug|Any CPU
		{D2222222-2222-2222-2222-222222222222}.Release|Any CPU.ActiveCfg = Release|Any CPU
		{D2222222-2222-2222-2222-222222222222}.Release|Any CPU.Build.0 = Release|Any CPU
		{E1111111-1111-1111-1111-111111111111}.Debug|Any CPU.ActiveCfg = Debug|Any CPU
		{E1111111-1111-1111-1111-111111111111}.Debug|Any CPU.Build.0 = Debug|Any CPU
		{E1111111-1111-1111-1111-111111111111}.Release|Any CPU.ActiveCfg = Release|Any CPU
		{E1111111-1111-1111-1111-111111111111}.Release|Any CPU.Build.0 = Release|Any CPU
		{E2222222-2222-2222-2222-222222222222}.Debug|Any CPU.ActiveCfg = Debug|Any CPU
		{E2222222-2222-2222-2222-222222222222}.Debug|Any CPU.Build.0 = Debug|Any CPU
		{E2222222-2222-2222-2222-222222222222}.Release|Any CPU.ActiveCfg = Release|Any CPU
		{E2222222-2222-2222-2222-222222222222}.Release|Any CPU.Build.0 = Release|Any CPU
		{E3333333-3333-3333-3333-333333333333}.Debug|Any CPU.ActiveCfg = Debug|Any CPU
		{E3333333-3333-3333-3333-333333333333}.Debug|Any CPU.Build.0 = Debug|Any CPU
		{E3333333-3333-3333-3333-333333333333}.Release|Any CPU.ActiveCfg = Release|Any CPU
		{E3333333-3333-3333-3333-333333333333}.Release|Any CPU.Build.0 = Release|Any CPU
	EndGlobalSection
	GlobalSection(SolutionProperties) = preSolution
		HideSolutionNode = FALSE
	EndGlobalSection
	GlobalSection(ExtensibilityGlobals) = postSolution
		SolutionGuid = {ADE43256-FBE0-4286-B1C7-BDAB14BE9B71}
	EndGlobalSection
EndGlobal
